{
  "name": "github-metadata",
  "version": "0.1.0",
  "lockfileVersion": 1,
  "dependencies": {
    "ansi-bgblack": {
      "version": "0.1.1",
      "resolved": "https://registry.npmjs.org/ansi-bgblack/-/ansi-bgblack-0.1.1.tgz",
      "integrity": "sha1-poulAHiHcBtqr74/oNrf36juPKI=",
      "dev": true
    },
    "ansi-bgblue": {
      "version": "0.1.1",
      "resolved": "https://registry.npmjs.org/ansi-bgblue/-/ansi-bgblue-0.1.1.tgz",
      "integrity": "sha1-Z73ATtybm1J4lp2hlt6j11yMNhM=",
      "dev": true
    },
    "ansi-bgcyan": {
      "version": "0.1.1",
      "resolved": "https://registry.npmjs.org/ansi-bgcyan/-/ansi-bgcyan-0.1.1.tgz",
      "integrity": "sha1-WEiUJWAL3p9VBwaN2Wnr/bUP52g=",
      "dev": true
    },
    "ansi-bggreen": {
      "version": "0.1.1",
      "resolved": "https://registry.npmjs.org/ansi-bggreen/-/ansi-bggreen-0.1.1.tgz",
      "integrity": "sha1-TjGRJIUplD9DIelr8THRwTgWr0k=",
      "dev": true
    },
    "ansi-bgmagenta": {
      "version": "0.1.1",
      "resolved": "https://registry.npmjs.org/ansi-bgmagenta/-/ansi-bgmagenta-0.1.1.tgz",
      "integrity": "sha1-myhDLAduqpmUGGcqPvvhk5HCx6E=",
      "dev": true
    },
    "ansi-bgred": {
      "version": "0.1.1",
      "resolved": "https://registry.npmjs.org/ansi-bgred/-/ansi-bgred-0.1.1.tgz",
      "integrity": "sha1-p2+Sg4OCukMpCmwXeEJPmE1vEEE=",
      "dev": true
    },
    "ansi-bgwhite": {
      "version": "0.1.1",
      "resolved": "https://registry.npmjs.org/ansi-bgwhite/-/ansi-bgwhite-0.1.1.tgz",
      "integrity": "sha1-ZQRlE3elim7OzQMxmU5IAljhG6g=",
      "dev": true
    },
    "ansi-bgyellow": {
      "version": "0.1.1",
      "resolved": "https://registry.npmjs.org/ansi-bgyellow/-/ansi-bgyellow-0.1.1.tgz",
      "integrity": "sha1-w/4usIzUdmSAKeaHTRWgs49h1E8=",
      "dev": true
    },
    "ansi-black": {
      "version": "0.1.1",
      "resolved": "https://registry.npmjs.org/ansi-black/-/ansi-black-0.1.1.tgz",
      "integrity": "sha1-9hheiJNgslRaHsUMC/Bj/EMDJFM=",
      "dev": true
    },
    "ansi-blue": {
      "version": "0.1.1",
      "resolved": "https://registry.npmjs.org/ansi-blue/-/ansi-blue-0.1.1.tgz",
      "integrity": "sha1-FbgEmQ6S/JyoxUds6PaZd3wh7b8=",
      "dev": true
    },
    "ansi-bold": {
      "version": "0.1.1",
      "resolved": "https://registry.npmjs.org/ansi-bold/-/ansi-bold-0.1.1.tgz",
      "integrity": "sha1-PmOVCvWswq4uZw5vZ96xFdGl9QU=",
      "dev": true
    },
    "ansi-colors": {
      "version": "0.2.0",
      "resolved": "https://registry.npmjs.org/ansi-colors/-/ansi-colors-0.2.0.tgz",
      "integrity": "sha1-csMd4qDZoszQysMMyYI+6y9kNLU=",
      "dev": true
    },
    "ansi-cyan": {
      "version": "0.1.1",
      "resolved": "https://registry.npmjs.org/ansi-cyan/-/ansi-cyan-0.1.1.tgz",
      "integrity": "sha1-U4rlKK+JgvKK4w2G8vF0VtJgmHM=",
      "dev": true
    },
    "ansi-dim": {
      "version": "0.1.1",
      "resolved": "https://registry.npmjs.org/ansi-dim/-/ansi-dim-0.1.1.tgz",
      "integrity": "sha1-QN5MYDqoCG2Oeoa4/5mNXDbu/Ww=",
      "dev": true
    },
    "ansi-gray": {
      "version": "0.1.1",
      "resolved": "https://registry.npmjs.org/ansi-gray/-/ansi-gray-0.1.1.tgz",
      "integrity": "sha1-KWLPVOyXksSFEKPetSRDaGHvclE=",
      "dev": true
    },
    "ansi-green": {
      "version": "0.1.1",
      "resolved": "https://registry.npmjs.org/ansi-green/-/ansi-green-0.1.1.tgz",
      "integrity": "sha1-il2al55FjVfEDjNYCzc5C44Q0Pc=",
      "dev": true
    },
    "ansi-grey": {
      "version": "0.1.1",
      "resolved": "https://registry.npmjs.org/ansi-grey/-/ansi-grey-0.1.1.tgz",
      "integrity": "sha1-WdmLasK6GfilF5jphT+6eDOaM8E=",
      "dev": true
    },
    "ansi-hidden": {
      "version": "0.1.1",
      "resolved": "https://registry.npmjs.org/ansi-hidden/-/ansi-hidden-0.1.1.tgz",
      "integrity": "sha1-7WpMSY0rt8uyidvyqNHcyFZ/rg8=",
      "dev": true
    },
    "ansi-inverse": {
      "version": "0.1.1",
      "resolved": "https://registry.npmjs.org/ansi-inverse/-/ansi-inverse-0.1.1.tgz",
      "integrity": "sha1-tq9Fgm/oJr+1KKbHmIV5Q1XM0mk=",
      "dev": true
    },
    "ansi-italic": {
      "version": "0.1.1",
      "resolved": "https://registry.npmjs.org/ansi-italic/-/ansi-italic-0.1.1.tgz",
      "integrity": "sha1-EEdDRj9iXBQqA2c5z4XtpoiYbyM=",
      "dev": true
    },
    "ansi-magenta": {
      "version": "0.1.1",
      "resolved": "https://registry.npmjs.org/ansi-magenta/-/ansi-magenta-0.1.1.tgz",
      "integrity": "sha1-BjtboW+z8j4c/aKwfAqJ3hHkMK4=",
      "dev": true
    },
    "ansi-red": {
      "version": "0.1.1",
      "resolved": "https://registry.npmjs.org/ansi-red/-/ansi-red-0.1.1.tgz",
      "integrity": "sha1-jGOPnRCAgAo1PJwoyKgcpHBdlGw=",
      "dev": true
    },
    "ansi-regex": {
      "version": "2.1.1",
      "resolved": "https://registry.npmjs.org/ansi-regex/-/ansi-regex-2.1.1.tgz",
      "integrity": "sha1-w7M6te42DYbg5ijwRorn7yfWVN8=",
      "dev": true
    },
    "ansi-reset": {
      "version": "0.1.1",
      "resolved": "https://registry.npmjs.org/ansi-reset/-/ansi-reset-0.1.1.tgz",
      "integrity": "sha1-5+cSksPH3c1NYu9KbHwFmAkRw7c=",
      "dev": true
    },
    "ansi-strikethrough": {
      "version": "0.1.1",
      "resolved": "https://registry.npmjs.org/ansi-strikethrough/-/ansi-strikethrough-0.1.1.tgz",
      "integrity": "sha1-2Eh3FAss/wfRyT685pkE9oiF5Wg=",
      "dev": true
    },
    "ansi-underline": {
      "version": "0.1.1",
      "resolved": "https://registry.npmjs.org/ansi-underline/-/ansi-underline-0.1.1.tgz",
      "integrity": "sha1-38kg9Ml7WXfqFi34/7mIMIqqcaQ=",
      "dev": true
    },
    "ansi-white": {
      "version": "0.1.1",
      "resolved": "https://registry.npmjs.org/ansi-white/-/ansi-white-0.1.1.tgz",
      "integrity": "sha1-nHe3wZPF7pkuYBHTbsTJIbRXiUQ=",
      "dev": true
    },
    "ansi-wrap": {
      "version": "0.1.0",
      "resolved": "https://registry.npmjs.org/ansi-wrap/-/ansi-wrap-0.1.0.tgz",
      "integrity": "sha1-qCJQ3bABXponyoLoLqYDu/pF768=",
      "dev": true
    },
    "ansi-yellow": {
      "version": "0.1.1",
      "resolved": "https://registry.npmjs.org/ansi-yellow/-/ansi-yellow-0.1.1.tgz",
      "integrity": "sha1-y5NW8vRscy8OMZnmEClVp32oPB0=",
      "dev": true
    },
    "any-promise": {
      "version": "0.1.0",
      "resolved": "https://registry.npmjs.org/any-promise/-/any-promise-0.1.0.tgz",
      "integrity": "sha1-gwtoCqflbzNFHUsEnzvYBESY7ic=",
      "dev": true
    },
    "arr-flatten": {
      "version": "1.0.3",
      "resolved": "https://registry.npmjs.org/arr-flatten/-/arr-flatten-1.0.3.tgz",
      "integrity": "sha1-onTthawIhJtr14R8RYB0XcUa37E=",
      "dev": true
    },
    "arr-union": {
      "version": "3.1.0",
      "resolved": "https://registry.npmjs.org/arr-union/-/arr-union-3.1.0.tgz",
      "integrity": "sha1-45sJrqne+Gao8gbiiK9jkZuuOcQ=",
      "dev": true
    },
    "balanced-match": {
      "version": "1.0.0",
      "resolved": "https://registry.npmjs.org/balanced-match/-/balanced-match-1.0.0.tgz",
      "integrity": "sha1-ibTRmasr7kneFk6gK4nORi1xt2c=",
      "dev": true
    },
    "base": {
      "version": "0.11.1",
      "resolved": "https://registry.npmjs.org/base/-/base-0.11.1.tgz",
      "integrity": "sha1-s2p/ERE4U6NCoVaR2Y4tzIpswnA=",
      "dev": true,
      "dependencies": {
        "isobject": {
          "version": "2.1.0",
          "resolved": "https://registry.npmjs.org/isobject/-/isobject-2.1.0.tgz",
          "integrity": "sha1-8GVWEJaj8dou9GJy+BXIQNh+DIk=",
          "dev": true
        }
      }
    },
    "bot-github-auth": {
      "version": "0.1.0",
      "resolved": "https://registry.npmjs.org/bot-github-auth/-/bot-github-auth-0.1.0.tgz",
      "integrity": "sha1-k0+xyyCwbQ2L/EE6UcqIAPEdo0Y=",
      "dev": true
    },
    "brace-expansion": {
      "version": "1.1.8",
      "resolved": "https://registry.npmjs.org/brace-expansion/-/brace-expansion-1.1.8.tgz",
      "integrity": "sha1-wHshHHyVLsH479Uad+8NHTmQopI=",
      "dev": true
    },
    "cache-base": {
      "version": "0.8.5",
      "resolved": "https://registry.npmjs.org/cache-base/-/cache-base-0.8.5.tgz",
      "integrity": "sha1-YM6zUEAh7O7HAR/TOEt/TpVym/o=",
      "dev": true,
      "dependencies": {
        "set-value": {
          "version": "0.4.3",
          "resolved": "https://registry.npmjs.org/set-value/-/set-value-0.4.3.tgz",
          "integrity": "sha1-fbCPnT0i3H945Trzw79GZuzfzPE=",
          "dev": true
        }
      }
    },
    "choices-separator": {
      "version": "0.1.2",
      "resolved": "https://registry.npmjs.org/choices-separator/-/choices-separator-0.1.2.tgz",
      "integrity": "sha1-3f6Wfse7dkPIWqBQJq+h0F9dcNQ=",
      "dev": true
    },
    "class-utils": {
      "version": "0.3.5",
      "resolved": "https://registry.npmjs.org/class-utils/-/class-utils-0.3.5.tgz",
      "integrity": "sha1-F+eTEDdQ+WJ7IXbqNM/RtWWQPIA=",
      "dev": true
    },
    "cli-width": {
      "version": "2.1.0",
      "resolved": "https://registry.npmjs.org/cli-width/-/cli-width-2.1.0.tgz",
      "integrity": "sha1-sjTKIJsp72b8UY2bmNWEewDt8Ao=",
      "dev": true
    },
    "clone-deep": {
      "version": "0.2.4",
      "resolved": "https://registry.npmjs.org/clone-deep/-/clone-deep-0.2.4.tgz",
      "integrity": "sha1-TnPdCen7lxzDhnDF3O2cGJZIHMY=",
      "dev": true,
      "dependencies": {
        "lazy-cache": {
          "version": "1.0.4",
          "resolved": "https://registry.npmjs.org/lazy-cache/-/lazy-cache-1.0.4.tgz",
          "integrity": "sha1-odePw6UEdMuAhF07O24dpJpEbo4=",
          "dev": true
        }
      }
    },
    "collection-visit": {
      "version": "0.2.3",
      "resolved": "https://registry.npmjs.org/collection-visit/-/collection-visit-0.2.3.tgz",
      "integrity": "sha1-L2JIPK7MlfCDuaRUo+6eYTmteVc=",
      "dev": true
    },
    "component-emitter": {
      "version": "1.2.1",
      "resolved": "https://registry.npmjs.org/component-emitter/-/component-emitter-1.2.1.tgz",
      "integrity": "sha1-E3kY1teCg/ffemt8WmPhQOaUJeY=",
      "dev": true
    },
    "concat-map": {
      "version": "0.0.1",
      "resolved": "https://registry.npmjs.org/concat-map/-/concat-map-0.0.1.tgz",
      "integrity": "sha1-2Klr13/Wjfd5OnMDajug1UBdR3s=",
      "dev": true
    },
    "copy-descriptor": {
      "version": "0.1.1",
      "resolved": "https://registry.npmjs.org/copy-descriptor/-/copy-descriptor-0.1.1.tgz",
      "integrity": "sha1-Z29us8OZl8LuGsOpJP1hJHSPV40="
    },
    "cwd": {
      "version": "0.9.1",
      "resolved": "https://registry.npmjs.org/cwd/-/cwd-0.9.1.tgz",
      "integrity": "sha1-QeEKfhq4M9xZwuyoOBTH3ne1pP0=",
      "dev": true
    },
    "data-store": {
      "version": "0.16.1",
      "resolved": "https://registry.npmjs.org/data-store/-/data-store-0.16.1.tgz",
      "integrity": "sha1-5pwDpcrBXR/zPwJUyWeDZT5ogwQ=",
      "dev": true
    },
    "debug": {
      "version": "2.6.8",
      "resolved": "https://registry.npmjs.org/debug/-/debug-2.6.8.tgz",
      "integrity": "sha1-5zFTHKLt4n0YgiJCfaF4IdaP9Pw=",
      "dev": true
    },
    "define-property": {
      "version": "0.2.5",
      "resolved": "https://registry.npmjs.org/define-property/-/define-property-0.2.5.tgz",
      "integrity": "sha1-w1se+RjsPJkPmlvFe+BKrOxcgRY="
    },
    "enquirer": {
      "version": "0.4.1",
      "resolved": "https://registry.npmjs.org/enquirer/-/enquirer-0.4.1.tgz",
      "integrity": "sha1-fOZxxEz/9jrdHnlxvzK5yz78l+0=",
      "dev": true,
      "dependencies": {
        "isobject": {
          "version": "2.1.0",
          "resolved": "https://registry.npmjs.org/isobject/-/isobject-2.1.0.tgz",
          "integrity": "sha1-8GVWEJaj8dou9GJy+BXIQNh+DIk=",
          "dev": true
        }
      }
    },
    "error-symbol": {
      "version": "0.1.0",
      "resolved": "https://registry.npmjs.org/error-symbol/-/error-symbol-0.1.0.tgz",
      "integrity": "sha1-Ck2uN9YA0VopukU9jvkg8YRDM/Y=",
      "dev": true
    },
    "expand-tilde": {
      "version": "1.2.2",
      "resolved": "https://registry.npmjs.org/expand-tilde/-/expand-tilde-1.2.2.tgz",
      "integrity": "sha1-C4HrqJflo9MdHD0QL48BRB5VlEk=",
      "dev": true
    },
    "extend-shallow": {
      "version": "2.0.1",
      "resolved": "https://registry.npmjs.org/extend-shallow/-/extend-shallow-2.0.1.tgz",
      "integrity": "sha1-Ua99YUrZqfYQ6huvu5idaxxWiQ8="
    },
    "file-name": {
      "version": "0.1.0",
      "resolved": "https://registry.npmjs.org/file-name/-/file-name-0.1.0.tgz",
      "integrity": "sha1-ErEi8SD5w028F2wauBpUis7W3vc=",
      "dev": true
    },
    "find-file-up": {
      "version": "0.1.3",
      "resolved": "https://registry.npmjs.org/find-file-up/-/find-file-up-0.1.3.tgz",
      "integrity": "sha1-z2gJG8+fMApA2kEbN9pczlovvqA=",
      "dev": true
    },
    "find-pkg": {
      "version": "0.1.2",
      "resolved": "https://registry.npmjs.org/find-pkg/-/find-pkg-0.1.2.tgz",
      "integrity": "sha1-G9wiwG42NlUy4qJIBGhUuXiNpVc=",
      "dev": true
    },
    "for-in": {
      "version": "1.0.2",
      "resolved": "https://registry.npmjs.org/for-in/-/for-in-1.0.2.tgz",
      "integrity": "sha1-gQaNKVqBQuwKxybG4iAMMPttXoA="
    },
    "for-own": {
      "version": "0.1.5",
      "resolved": "https://registry.npmjs.org/for-own/-/for-own-0.1.5.tgz",
      "integrity": "sha1-UmXGgaTylNq78XyVCbZ2OqhFEM4="
    },
    "fs-exists-sync": {
      "version": "0.1.0",
      "resolved": "https://registry.npmjs.org/fs-exists-sync/-/fs-exists-sync-0.1.0.tgz",
      "integrity": "sha1-mC1ok6+RjnLQjeyehnP/K1qNat0=",
      "dev": true
    },
    "fs.realpath": {
      "version": "1.0.0",
      "resolved": "https://registry.npmjs.org/fs.realpath/-/fs.realpath-1.0.0.tgz",
      "integrity": "sha1-FQStJSMVjKpA20onh8sBQRmU6k8=",
      "dev": true
    },
    "get-value": {
      "version": "2.0.6",
      "resolved": "https://registry.npmjs.org/get-value/-/get-value-2.0.6.tgz",
      "integrity": "sha1-3BXKHGcjh8p2vTesCjlbogQqLCg="
    },
    "git-config-path": {
      "version": "1.0.1",
      "resolved": "https://registry.npmjs.org/git-config-path/-/git-config-path-1.0.1.tgz",
      "integrity": "sha1-bTP37WPbDQ4RgTFQO6s6ykfVRmQ=",
      "dev": true
    },
    "git-repo-name": {
      "version": "0.6.0",
      "resolved": "https://registry.npmjs.org/git-repo-name/-/git-repo-name-0.6.0.tgz",
      "integrity": "sha1-rwmIRlaqU37GJccIcAgXXNYSKP8=",
      "dev": true,
      "dependencies": {
        "lazy-cache": {
          "version": "1.0.4",
          "resolved": "https://registry.npmjs.org/lazy-cache/-/lazy-cache-1.0.4.tgz",
          "integrity": "sha1-odePw6UEdMuAhF07O24dpJpEbo4=",
          "dev": true
        }
      }
    },
    "github-base": {
      "version": "0.5.4",
      "resolved": "https://registry.npmjs.org/github-base/-/github-base-0.5.4.tgz",
      "integrity": "sha1-kLyqlhda0yICGVwzfhj7ad40m0E="
    },
    "glob": {
      "version": "7.1.2",
      "resolved": "https://registry.npmjs.org/glob/-/glob-7.1.2.tgz",
      "integrity": "sha512-MJTUg1kjuLeQCJ+ccE4Vpa6kKVXkPYJ2mOCQyUuKLcLQsdrMCpBPUi8qVE6+YuaJkozeA9NusTAw3hLr8Xe5EQ==",
      "dev": true
    },
    "global-modules": {
      "version": "0.2.3",
      "resolved": "https://registry.npmjs.org/global-modules/-/global-modules-0.2.3.tgz",
      "integrity": "sha1-6lo77ULG1s6ZWk+KEmm12uIjgo0=",
      "dev": true
    },
    "global-prefix": {
      "version": "0.1.5",
      "resolved": "https://registry.npmjs.org/global-prefix/-/global-prefix-0.1.5.tgz",
      "integrity": "sha1-jTvGuNo8qBEqFg2NSW/wRiv+948=",
      "dev": true
    },
    "graceful-fs": {
      "version": "4.1.11",
      "resolved": "https://registry.npmjs.org/graceful-fs/-/graceful-fs-4.1.11.tgz",
      "integrity": "sha1-Dovf5NHduIVNZOBOp8AOKgJuVlg=",
      "dev": true
    },
    "has-own-deep": {
      "version": "0.1.4",
      "resolved": "https://registry.npmjs.org/has-own-deep/-/has-own-deep-0.1.4.tgz",
      "integrity": "sha1-kesM2ieAgxWPgEKigxZDTpr+eHY=",
      "dev": true
    },
    "has-value": {
      "version": "0.3.1",
      "resolved": "https://registry.npmjs.org/has-value/-/has-value-0.3.1.tgz",
      "integrity": "sha1-ex9YutpiyoJ+wKIHgCVlSEWZXh8=",
      "dev": true,
      "dependencies": {
        "isobject": {
          "version": "2.1.0",
          "resolved": "https://registry.npmjs.org/isobject/-/isobject-2.1.0.tgz",
          "integrity": "sha1-8GVWEJaj8dou9GJy+BXIQNh+DIk=",
          "dev": true
        }
      }
    },
    "has-values": {
      "version": "0.1.4",
      "resolved": "https://registry.npmjs.org/has-values/-/has-values-0.1.4.tgz",
      "integrity": "sha1-bWHeldkd/Km5oCCJrThL/49it3E=",
      "dev": true
    },
    "homedir-polyfill": {
      "version": "1.0.1",
      "resolved": "https://registry.npmjs.org/homedir-polyfill/-/homedir-polyfill-1.0.1.tgz",
      "integrity": "sha1-TCu8inWJmP7r9e1oWA921GdotLw=",
      "dev": true
    },
    "inflight": {
      "version": "1.0.6",
      "resolved": "https://registry.npmjs.org/inflight/-/inflight-1.0.6.tgz",
      "integrity": "sha1-Sb1jMdfQLQwJvJEKEHW6gWW1bfk=",
      "dev": true
    },
    "info-symbol": {
      "version": "0.1.0",
      "resolved": "https://registry.npmjs.org/info-symbol/-/info-symbol-0.1.0.tgz",
      "integrity": "sha1-J4QdcoZ920JCzWEtecEGM4gcang=",
      "dev": true
    },
    "inherits": {
      "version": "2.0.3",
      "resolved": "https://registry.npmjs.org/inherits/-/inherits-2.0.3.tgz",
      "integrity": "sha1-Yzwsg+PaQqUC9SRmAiSA9CCCYd4=",
      "dev": true
    },
    "ini": {
      "version": "1.3.4",
      "resolved": "https://registry.npmjs.org/ini/-/ini-1.3.4.tgz",
      "integrity": "sha1-BTfLedr1m1mhpRff9wbIbsA5Fi4=",
      "dev": true
    },
    "is-accessor-descriptor": {
      "version": "0.1.6",
      "resolved": "https://registry.npmjs.org/is-accessor-descriptor/-/is-accessor-descriptor-0.1.6.tgz",
      "integrity": "sha1-qeEss66Nh2cn7u84Q/igiXtcmNY="
    },
    "is-buffer": {
      "version": "1.1.5",
      "resolved": "https://registry.npmjs.org/is-buffer/-/is-buffer-1.1.5.tgz",
      "integrity": "sha1-Hzsm72E7IUuIy8ojzGwB2Hlh7sw="
    },
    "is-data-descriptor": {
      "version": "0.1.4",
      "resolved": "https://registry.npmjs.org/is-data-descriptor/-/is-data-descriptor-0.1.4.tgz",
      "integrity": "sha1-C17mSDiOLIYCgueT8YVv7D8wG1Y="
    },
    "is-descriptor": {
      "version": "0.1.5",
      "resolved": "https://registry.npmjs.org/is-descriptor/-/is-descriptor-0.1.5.tgz",
      "integrity": "sha1-4/uLSrZfOjc3M4jhi0AdeMWMvqc="
    },
    "is-extendable": {
      "version": "0.1.1",
      "resolved": "https://registry.npmjs.org/is-extendable/-/is-extendable-0.1.1.tgz",
      "integrity": "sha1-YrEQ4omkcUGOPsNqYX1HLjAd/Ik="
    },
    "is-fullwidth-code-point": {
      "version": "2.0.0",
      "resolved": "https://registry.npmjs.org/is-fullwidth-code-point/-/is-fullwidth-code-point-2.0.0.tgz",
      "integrity": "sha1-o7MKXE8ZkYMWeqq5O+764937ZU8=",
      "dev": true
    },
    "is-number": {
      "version": "3.0.0",
      "resolved": "https://registry.npmjs.org/is-number/-/is-number-3.0.0.tgz",
      "integrity": "sha1-JP1iAaR4LPUFYcgQJ2r8fRLXEZU=",
      "dev": true
    },
    "is-plain-object": {
      "version": "2.0.3",
      "resolved": "https://registry.npmjs.org/is-plain-object/-/is-plain-object-2.0.3.tgz",
      "integrity": "sha1-wVvz5LZrYtcu+vKSWEhmPsvGGbY="
    },
    "is-windows": {
      "version": "0.2.0",
      "resolved": "https://registry.npmjs.org/is-windows/-/is-windows-0.2.0.tgz",
      "integrity": "sha1-3hqm1j6indJIc3tp8f+LgALSEIw=",
      "dev": true
    },
    "isarray": {
      "version": "1.0.0",
      "resolved": "https://registry.npmjs.org/isarray/-/isarray-1.0.0.tgz",
      "integrity": "sha1-u5NdSFgsuhaMBoNJV6VKPgcSTxE=",
      "dev": true
    },
    "isexe": {
      "version": "2.0.0",
      "resolved": "https://registry.npmjs.org/isexe/-/isexe-2.0.0.tgz",
      "integrity": "sha1-6PvzdNxVb/iUehDcsFctYz8s+hA=",
      "dev": true
    },
    "isobject": {
      "version": "3.0.0",
      "resolved": "https://registry.npmjs.org/isobject/-/isobject-3.0.0.tgz",
      "integrity": "sha1-OVZSF/NmF4nooKDAgNX35rxG4aA="
    },
    "kind-of": {
      "version": "3.2.2",
      "resolved": "https://registry.npmjs.org/kind-of/-/kind-of-3.2.2.tgz",
      "integrity": "sha1-MeohpzS6ubuw8yRm2JOupR5KPGQ="
    },
    "koalas": {
      "version": "1.0.2",
      "resolved": "https://registry.npmjs.org/koalas/-/koalas-1.0.2.tgz",
      "integrity": "sha1-MYQz8HQjXbePrlZhoCqMpT7ilc0="
    },
    "lazy-cache": {
      "version": "2.0.2",
      "resolved": "https://registry.npmjs.org/lazy-cache/-/lazy-cache-2.0.2.tgz",
      "integrity": "sha1-uRkKT5EzVGlIQIWfio9whNiCImQ="
    },
    "log-ok": {
      "version": "0.1.1",
      "resolved": "https://registry.npmjs.org/log-ok/-/log-ok-0.1.1.tgz",
      "integrity": "sha1-vqPdNqzQuKckDXhza1uXxlREozQ=",
      "dev": true
    },
    "log-utils": {
      "version": "0.2.1",
      "resolved": "https://registry.npmjs.org/log-utils/-/log-utils-0.2.1.tgz",
      "integrity": "sha1-pMIXoN2aUFFdm5ICBgkas9TgMc8=",
      "dev": true
    },
    "map-visit": {
      "version": "0.1.5",
      "resolved": "https://registry.npmjs.org/map-visit/-/map-visit-0.1.5.tgz",
      "integrity": "sha1-2+Q5J85VJbgN/BVzpE1oxR8mgWs=",
      "dev": true
    },
    "minimatch": {
      "version": "3.0.4",
      "resolved": "https://registry.npmjs.org/minimatch/-/minimatch-3.0.4.tgz",
      "integrity": "sha512-yJHVQEhyqPLUTgt9B83PXu6W3rx4MvvHvSUvToogpwoGDOUQ+yDrR0HRot+yOCdCO7u4hX3pWft6kWBBcqh0UA==",
      "dev": true
    },
    "minimist": {
      "version": "0.0.8",
      "resolved": "https://registry.npmjs.org/minimist/-/minimist-0.0.8.tgz",
      "integrity": "sha1-hX/Kv8M5fSYluCKCYuhqp6ARsF0=",
      "dev": true
    },
    "mixin-deep": {
      "version": "1.2.0",
      "resolved": "https://registry.npmjs.org/mixin-deep/-/mixin-deep-1.2.0.tgz",
      "integrity": "sha1-0CuMb4ttS49ZgtP9AJxJGYUcP+I="
    },
    "mixin-object": {
      "version": "2.0.1",
      "resolved": "https://registry.npmjs.org/mixin-object/-/mixin-object-2.0.1.tgz",
      "integrity": "sha1-T7lJRB2rGCVA8f4DW6YOGUel5X4=",
      "dev": true,
      "dependencies": {
        "for-in": {
          "version": "0.1.8",
          "resolved": "https://registry.npmjs.org/for-in/-/for-in-0.1.8.tgz",
          "integrity": "sha1-2Hc5COMSVhCZUrH9ubP6hn0ndeE=",
          "dev": true
        }
      }
    },
    "mkdirp": {
      "version": "0.5.1",
      "resolved": "https://registry.npmjs.org/mkdirp/-/mkdirp-0.5.1.tgz",
      "integrity": "sha1-MAV0OOrGz3+MR2fzhkjWaX11yQM=",
      "dev": true
    },
    "ms": {
      "version": "2.0.0",
      "resolved": "https://registry.npmjs.org/ms/-/ms-2.0.0.tgz",
      "integrity": "sha1-VgiurfwAvmwpAd9fmGF4jeDVl8g=",
      "dev": true
    },
    "mute-stream": {
      "version": "0.0.7",
      "resolved": "https://registry.npmjs.org/mute-stream/-/mute-stream-0.0.7.tgz",
      "integrity": "sha1-MHXOk7whuPq0PhvE2n6BFe0ee6s=",
      "dev": true
    },
    "object-copy": {
      "version": "0.1.0",
      "resolved": "https://registry.npmjs.org/object-copy/-/object-copy-0.1.0.tgz",
      "integrity": "sha1-fn2Fi3gb18mRpBupde04EnVOmYw="
    },
    "object-visit": {
      "version": "0.3.4",
      "resolved": "https://registry.npmjs.org/object-visit/-/object-visit-0.3.4.tgz",
      "integrity": "sha1-rhXPhvCy/dVRdxY2RIRSxUw9qCk=",
      "dev": true,
      "dependencies": {
        "isobject": {
          "version": "2.1.0",
          "resolved": "https://registry.npmjs.org/isobject/-/isobject-2.1.0.tgz",
          "integrity": "sha1-8GVWEJaj8dou9GJy+BXIQNh+DIk=",
          "dev": true
        }
      }
    },
    "object.omit": {
      "version": "2.0.1",
      "resolved": "https://registry.npmjs.org/object.omit/-/object.omit-2.0.1.tgz",
      "integrity": "sha1-Gpx0SCnznbuFjHbKNXmuKlTr0fo="
    },
    "once": {
      "version": "1.4.0",
      "resolved": "https://registry.npmjs.org/once/-/once-1.4.0.tgz",
      "integrity": "sha1-WDsap3WWHUsROsF9nFC6753Xa9E="
    },
    "os-homedir": {
      "version": "1.0.2",
      "resolved": "https://registry.npmjs.org/os-homedir/-/os-homedir-1.0.2.tgz",
      "integrity": "sha1-/7xJiDNuDoM94MFox+8VISGqf7M=",
      "dev": true
    },
    "parse-git-config": {
      "version": "1.1.1",
      "resolved": "https://registry.npmjs.org/parse-git-config/-/parse-git-config-1.1.1.tgz",
      "integrity": "sha1-06mYQxcTL1c5hxK7pDjhKVkN34w=",
      "dev": true
    },
    "parse-link-header": {
      "version": "0.4.1",
      "resolved": "https://registry.npmjs.org/parse-link-header/-/parse-link-header-0.4.1.tgz",
      "integrity": "sha1-9r1hXcZxP9QJNc6XlF5NP1Iu3xQ="
    },
    "parse-passwd": {
      "version": "1.0.0",
      "resolved": "https://registry.npmjs.org/parse-passwd/-/parse-passwd-1.0.0.tgz",
      "integrity": "sha1-bVuTSkVpk7I9N/QKOC1vFmao5cY=",
      "dev": true
    },
    "pascalcase": {
      "version": "0.1.1",
      "resolved": "https://registry.npmjs.org/pascalcase/-/pascalcase-0.1.1.tgz",
      "integrity": "sha1-s2PlXoAGym/iF4TS2yK9FdeRfxQ=",
      "dev": true
    },
    "path-is-absolute": {
      "version": "1.0.1",
      "resolved": "https://registry.npmjs.org/path-is-absolute/-/path-is-absolute-1.0.1.tgz",
      "integrity": "sha1-F0uSaHNVNP+8es5r9TpanhtcX18=",
      "dev": true
    },
    "project-name": {
      "version": "0.2.6",
      "resolved": "https://registry.npmjs.org/project-name/-/project-name-0.2.6.tgz",
      "integrity": "sha1-Pk94H+HulLB4apuuU1BjdsN5r2k=",
      "dev": true,
      "dependencies": {
        "minimist": {
          "version": "1.2.0",
          "resolved": "https://registry.npmjs.org/minimist/-/minimist-1.2.0.tgz",
          "integrity": "sha1-o1AIsg9BOD7sH7kU9M1d95omQoQ=",
          "dev": true
        }
      }
    },
    "promise-reduce": {
      "version": "2.1.0",
      "resolved": "https://registry.npmjs.org/promise-reduce/-/promise-reduce-2.1.0.tgz",
      "integrity": "sha1-dxmHMbXGLL1fjhhFUREx0A47bEc=",
      "dev": true
    },
    "prompt-base": {
      "version": "0.5.2",
      "resolved": "https://registry.npmjs.org/prompt-base/-/prompt-base-0.5.2.tgz",
      "integrity": "sha1-vWyPQ1nbWt1OcCgNaOThhFak4kU=",
      "dev": true
    },
    "prompt-checkbox": {
      "version": "0.5.1",
      "resolved": "https://registry.npmjs.org/prompt-checkbox/-/prompt-checkbox-0.5.1.tgz",
      "integrity": "sha1-oDg553KOiydG+8vAL4GGM3B7Vuk=",
      "dev": true,
      "dependencies": {
        "base": {
          "version": "0.13.0",
          "resolved": "https://registry.npmjs.org/base/-/base-0.13.0.tgz",
          "integrity": "sha1-eTnYD1I2M87w3X8PO/rJ1xk2CPk=",
          "dev": true,
          "dependencies": {
            "define-property": {
              "version": "0.2.5",
              "resolved": "https://registry.npmjs.org/define-property/-/define-property-0.2.5.tgz",
              "integrity": "sha1-w1se+RjsPJkPmlvFe+BKrOxcgRY=",
              "dev": true
            }
          }
        },
        "cache-base": {
          "version": "1.0.0",
          "resolved": "https://registry.npmjs.org/cache-base/-/cache-base-1.0.0.tgz",
          "integrity": "sha1-XA9in9F18NIy0l4l49buduZE2Zk=",
          "dev": true
        },
        "define-property": {
          "version": "1.0.0",
          "resolved": "https://registry.npmjs.org/define-property/-/define-property-1.0.0.tgz",
          "integrity": "sha1-dp66rz9KY6rTr56NMEybvnm/sOY=",
          "dev": true,
          "dependencies": {
            "is-descriptor": {
              "version": "1.0.0",
              "resolved": "https://registry.npmjs.org/is-descriptor/-/is-descriptor-1.0.0.tgz",
              "integrity": "sha1-1uxobyOPawLyN1er4Sz2suonkPk=",
              "dev": true
            }
          }
        },
        "is-windows": {
          "version": "1.0.1",
          "resolved": "https://registry.npmjs.org/is-windows/-/is-windows-1.0.1.tgz",
          "integrity": "sha1-MQ23D3QtJZoWo2kgK1GvhCMzENk=",
          "dev": true
        },
        "prompt-base": {
          "version": "0.6.2",
          "resolved": "https://registry.npmjs.org/prompt-base/-/prompt-base-0.6.2.tgz",
          "integrity": "sha1-96S4rN7KKeE36W5QsekdVqGf9pQ=",
          "dev": true
        },
        "prompt-choices": {
          "version": "1.0.1",
          "resolved": "https://registry.npmjs.org/prompt-choices/-/prompt-choices-1.0.1.tgz",
          "integrity": "sha1-3VOJ7KcdBeK7T8CDqapmmJ8/LoU=",
          "dev": true
        },
        "prompt-question": {
          "version": "1.0.0",
          "resolved": "https://registry.npmjs.org/prompt-question/-/prompt-question-1.0.0.tgz",
          "integrity": "sha1-IwsZ+iPRykOx4IPe0Cx52km6h2M=",
          "dev": true
        },
        "radio-symbol": {
          "version": "1.0.3",
          "resolved": "https://registry.npmjs.org/radio-symbol/-/radio-symbol-1.0.3.tgz",
          "integrity": "sha1-ljN3eo47S+hc8Izuse4aiN1Ivak=",
          "dev": true
        },
        "set-value": {
          "version": "0.4.3",
          "resolved": "https://registry.npmjs.org/set-value/-/set-value-0.4.3.tgz",
          "integrity": "sha1-fbCPnT0i3H945Trzw79GZuzfzPE=",
          "dev": true
        }
      }
    },
    "prompt-choices": {
      "version": "0.4.1",
      "resolved": "https://registry.npmjs.org/prompt-choices/-/prompt-choices-0.4.1.tgz",
      "integrity": "sha1-EfqNWGr4T65DazOSL+88Gp9wLwM=",
      "dev": true,
      "dependencies": {
        "isobject": {
          "version": "2.1.0",
          "resolved": "https://registry.npmjs.org/isobject/-/isobject-2.1.0.tgz",
          "integrity": "sha1-8GVWEJaj8dou9GJy+BXIQNh+DIk=",
          "dev": true
        },
        "set-value": {
          "version": "0.4.3",
          "resolved": "https://registry.npmjs.org/set-value/-/set-value-0.4.3.tgz",
          "integrity": "sha1-fbCPnT0i3H945Trzw79GZuzfzPE=",
          "dev": true
        }
      }
    },
    "prompt-list": {
      "version": "1.0.0",
      "resolved": "https://registry.npmjs.org/prompt-list/-/prompt-list-1.0.0.tgz",
      "integrity": "sha1-dT8UgwxiefGTue7JsAK1j8CXy5c=",
      "dev": true
    },
    "prompt-password": {
      "version": "0.1.1",
      "resolved": "https://registry.npmjs.org/prompt-password/-/prompt-password-0.1.1.tgz",
      "integrity": "sha1-P4BMJV0vOzqtTqeXIUXv8LFN36M=",
      "dev": true
    },
    "prompt-question": {
      "version": "0.4.1",
      "resolved": "https://registry.npmjs.org/prompt-question/-/prompt-question-0.4.1.tgz",
      "integrity": "sha1-UXOOVQXv7UjV/Du9GFq+ST+gJkQ=",
      "dev": true
    },
    "radio-symbol": {
      "version": "0.2.3",
      "resolved": "https://registry.npmjs.org/radio-symbol/-/radio-symbol-0.2.3.tgz",
      "integrity": "sha1-UbfC7uX8/rsmLpqQZe9HvcUrR7k=",
      "dev": true,
      "dependencies": {
        "is-windows": {
          "version": "1.0.1",
          "resolved": "https://registry.npmjs.org/is-windows/-/is-windows-1.0.1.tgz",
          "integrity": "sha1-MQ23D3QtJZoWo2kgK1GvhCMzENk=",
          "dev": true
        }
      }
    },
    "readline-ui": {
      "version": "0.1.4",
      "resolved": "https://registry.npmjs.org/readline-ui/-/readline-ui-0.1.4.tgz",
      "integrity": "sha1-QSw3QzVZvBoKexXi3MpLqm2SJ1w=",
      "dev": true
    },
    "readline-utils": {
      "version": "0.1.6",
      "resolved": "https://registry.npmjs.org/readline-utils/-/readline-utils-0.1.6.tgz",
      "integrity": "sha1-Op2pqZaJDBfxflQMqJ5FajEhH2c=",
      "dev": true,
      "dependencies": {
        "is-windows": {
          "version": "1.0.1",
          "resolved": "https://registry.npmjs.org/is-windows/-/is-windows-1.0.1.tgz",
          "integrity": "sha1-MQ23D3QtJZoWo2kgK1GvhCMzENk=",
          "dev": true
        }
      }
    },
    "remote-origin-url": {
      "version": "0.5.2",
      "resolved": "https://registry.npmjs.org/remote-origin-url/-/remote-origin-url-0.5.2.tgz",
      "integrity": "sha1-6N0uGItPLCFfASfnargbFPOOt0g=",
      "dev": true
    },
    "repeat-string": {
      "version": "1.6.1",
      "resolved": "https://registry.npmjs.org/repeat-string/-/repeat-string-1.6.1.tgz",
      "integrity": "sha1-jcrkcOHIirwtYA//Sndihtp15jc=",
      "dev": true
    },
    "resolve-dir": {
      "version": "0.1.1",
      "resolved": "https://registry.npmjs.org/resolve-dir/-/resolve-dir-0.1.1.tgz",
      "integrity": "sha1-shklmlYC+sXFxJatiUpujMQwJh4=",
      "dev": true
    },
    "rimraf": {
      "version": "2.6.1",
      "resolved": "https://registry.npmjs.org/rimraf/-/rimraf-2.6.1.tgz",
      "integrity": "sha1-wjOOxkPfeht/5cVPqG9XQopV8z0=",
      "dev": true
    },
    "set-getter": {
      "version": "0.1.0",
      "resolved": "https://registry.npmjs.org/set-getter/-/set-getter-0.1.0.tgz",
      "integrity": "sha1-12nBgsnVpR9AkUXy+6guXoboA3Y="
    },
    "set-value": {
      "version": "1.0.0",
      "resolved": "https://registry.npmjs.org/set-value/-/set-value-1.0.0.tgz",
      "integrity": "sha1-vMdvcaDx4HokuYfQoCr+yfZlME8="
    },
    "shallow-clone": {
      "version": "0.1.2",
      "resolved": "https://registry.npmjs.org/shallow-clone/-/shallow-clone-0.1.2.tgz",
      "integrity": "sha1-WQnodLp3EG1zrEFM/sH/yofZcGA=",
      "dev": true,
      "dependencies": {
        "kind-of": {
          "version": "2.0.1",
          "resolved": "https://registry.npmjs.org/kind-of/-/kind-of-2.0.1.tgz",
          "integrity": "sha1-AY7HpM5+OobLkUG+UZ0kyPqpgbU=",
          "dev": true
        },
        "lazy-cache": {
          "version": "0.2.7",
          "resolved": "https://registry.npmjs.org/lazy-cache/-/lazy-cache-0.2.7.tgz",
          "integrity": "sha1-f+3fLctu23fRHvHRF6tf/fCrG2U=",
          "dev": true
        }
      }
    },
    "simple-concat": {
      "version": "1.0.0",
      "resolved": "https://registry.npmjs.org/simple-concat/-/simple-concat-1.0.0.tgz",
      "integrity": "sha1-c0TLuLbib7J9ZrL8hvn21Zl1IcY="
    },
    "simple-get": {
      "version": "2.6.0",
      "resolved": "https://registry.npmjs.org/simple-get/-/simple-get-2.6.0.tgz",
      "integrity": "sha1-uwEUTbSbPUwQdhXc9I0+5ASxbgY="
    },
    "static-extend": {
      "version": "0.1.2",
      "resolved": "https://registry.npmjs.org/static-extend/-/static-extend-0.1.2.tgz",
      "integrity": "sha1-YICcOcv/VTNyJv1eC1IPNB8ftcY="
    },
    "string-width": {
      "version": "2.0.0",
      "resolved": "https://registry.npmjs.org/string-width/-/string-width-2.0.0.tgz",
      "integrity": "sha1-Y1xUNsxypuDDh87KJ41OLuxSaH4=",
      "dev": true
    },
    "strip-ansi": {
      "version": "3.0.1",
      "resolved": "https://registry.npmjs.org/strip-ansi/-/strip-ansi-3.0.1.tgz",
      "integrity": "sha1-ajhfuIU9lS1f8F0Oiq+UJ43GPc8=",
      "dev": true
    },
    "strip-color": {
      "version": "0.1.0",
      "resolved": "https://registry.npmjs.org/strip-color/-/strip-color-0.1.0.tgz",
      "integrity": "sha1-EG9l09PmotlAHKwOsM6LinArT3s=",
      "dev": true
    },
    "success-symbol": {
      "version": "0.1.0",
      "resolved": "https://registry.npmjs.org/success-symbol/-/success-symbol-0.1.0.tgz",
      "integrity": "sha1-JAIuSG878c3KCUKDt2nEctO3KJc=",
      "dev": true
    },
    "terminal-paginator": {
      "version": "0.2.2",
      "resolved": "https://registry.npmjs.org/terminal-paginator/-/terminal-paginator-0.2.2.tgz",
      "integrity": "sha1-6TuGAoorcrhHAIwQAj5ZNbV5mTA=",
      "dev": true
    },
    "time-stamp": {
      "version": "1.1.0",
      "resolved": "https://registry.npmjs.org/time-stamp/-/time-stamp-1.1.0.tgz",
      "integrity": "sha1-dkpaEa9QVhkhsTPztE5hhofg9cM=",
      "dev": true
    },
    "to-object-path": {
      "version": "0.3.0",
      "resolved": "https://registry.npmjs.org/to-object-path/-/to-object-path-0.3.0.tgz",
      "integrity": "sha1-KXWIt7Dn4KwI4E5nL4XB9JmeF68="
    },
    "toggle-array": {
      "version": "0.1.0",
      "resolved": "https://registry.npmjs.org/toggle-array/-/toggle-array-0.1.0.tgz",
      "integrity": "sha1-MFwEaxt7G40dA5jQvrT+mhnxNPs=",
      "dev": true,
      "dependencies": {
        "isobject": {
          "version": "2.1.0",
          "resolved": "https://registry.npmjs.org/isobject/-/isobject-2.1.0.tgz",
          "integrity": "sha1-8GVWEJaj8dou9GJy+BXIQNh+DIk=",
          "dev": true
        }
      }
    },
    "union-value": {
      "version": "0.2.4",
      "resolved": "https://registry.npmjs.org/union-value/-/union-value-0.2.4.tgz",
      "integrity": "sha1-c3UVJ4ZnkFfns3qmdug0aPwCdPA=",
      "dev": true,
      "dependencies": {
        "set-value": {
          "version": "0.4.3",
          "resolved": "https://registry.npmjs.org/set-value/-/set-value-0.4.3.tgz",
          "integrity": "sha1-fbCPnT0i3H945Trzw79GZuzfzPE=",
          "dev": true
        }
      }
    },
    "unset-value": {
      "version": "0.1.2",
      "resolved": "https://registry.npmjs.org/unset-value/-/unset-value-0.1.2.tgz",
      "integrity": "sha1-UGgQuGfyfCpabpsEgzYx9t5Y0xA=",
      "dev": true
    },
    "unzip-response": {
      "version": "2.0.1",
      "resolved": "https://registry.npmjs.org/unzip-response/-/unzip-response-2.0.1.tgz",
      "integrity": "sha1-0vD3N9FrBhXnKmk17QQhRXLVb5c="
    },
    "use": {
      "version": "3.0.0",
      "resolved": "https://registry.npmjs.org/use/-/use-3.0.0.tgz",
      "integrity": "sha1-TR9QQR2hJcn0c7hbN8nFLx8U5To="
    },
    "warning-symbol": {
      "version": "0.1.0",
      "resolved": "https://registry.npmjs.org/warning-symbol/-/warning-symbol-0.1.0.tgz",
      "integrity": "sha1-uzHdEbeg+dZ6su2V9Fe2WCW7rSE=",
      "dev": true
    },
    "which": {
      "version": "1.2.14",
      "resolved": "https://registry.npmjs.org/which/-/which-1.2.14.tgz",
      "integrity": "sha1-mofEN48D6CfOyvGs31bHNsAcFOU=",
      "dev": true
    },
    "wrappy": {
      "version": "1.0.2",
      "resolved": "https://registry.npmjs.org/wrappy/-/wrappy-1.0.2.tgz",
      "integrity": "sha1-tSQ9jz7BqjXxNkYFvA0QNuMKtp8="
    },
    "xtend": {
      "version": "4.0.1",
      "resolved": "https://registry.npmjs.org/xtend/-/xtend-4.0.1.tgz",
      "integrity": "sha1-pcbVMr5lbiPbgg77lDofBJmNY68="
    }
  }
}
